
Microsoft Visual Studio Solution File, Format Version 12.00
# Visual Studio Version 16
VisualStudioVersion = 16.0.30523.141
MinimumVisualStudioVersion = 10.0.40219.1
Project("{FAE04EC0-301F-11D3-BF4B-00C04F79EFBC}") = "Consola", "Consola\Consola.csproj", "{5D18C5D6-37F8-48C9-BD38-51D20CBFB482}"
EndProject
Global
	GlobalSection(SolutionConfigurationPlatforms) = preSolution
		Debug|Any CPU = Debug|Any CPU
		Release|Any CPU = Release|Any CPU
	EndGlobalSection
	GlobalSection(ProjectConfigurationPlatforms) = postSolution
		{5D18C5D6-37F8-48C9-BD38-51D20CBFB482}.Debug|Any CPU.ActiveCfg = Debug|Any CPU
		{5D18C5D6-37F8-48C9-BD38-51D20CBFB482}.Debug|Any CPU.Build.0 = Debug|Any CPU
		{5D18C5D6-37F8-48C9-BD38-51D20CBFB482}.Release|Any CPU.ActiveCfg = Release|Any CPU
		{5D18C5D6-37F8-48C9-BD38-51D20CBFB482}.Release|Any CPU.Build.0 = Release|Any CPU
	EndGlobalSection
	GlobalSection(SolutionProperties) = preSolution
		HideSolutionNode = FALSE
	EndGlobalSection
	GlobalSection(ExtensibilityGlobals) = postSolution
		SolutionGuid = {9A4C2359-F76D-4AAE-BB90-28B17864314B}
	EndGlobalSection
EndGlobal
